// !$*UTF8*$!
{
	archiveVersion = 1;
	classes = {
	};
	objectVersion = 46;
	objects = {

/* Begin PBXBuildFile section */
		54332CD81B18635B00EEC229 /* AppDelegate.swift in Sources */ = {isa = PBXBuildFile; fileRef = 54332CD71B18635B00EEC229 /* AppDelegate.swift */; };
		54332CDA1B18635B00EEC229 /* ViewController.swift in Sources */ = {isa = PBXBuildFile; fileRef = 54332CD91B18635B00EEC229 /* ViewController.swift */; };
		54332CDD1B18635B00EEC229 /* Main.storyboard in Resources */ = {isa = PBXBuildFile; fileRef = 54332CDB1B18635B00EEC229 /* Main.storyboard */; };
		54332CDF1B18635B00EEC229 /* Images.xcassets in Resources */ = {isa = PBXBuildFile; fileRef = 54332CDE1B18635B00EEC229 /* Images.xcassets */; };
		54332CE21B18635B00EEC229 /* LaunchScreen.xib in Resources */ = {isa = PBXBuildFile; fileRef = 54332CE01B18635B00EEC229 /* LaunchScreen.xib */; };
		54332CEE1B18635B00EEC229 /* OffTheShelf_View_PresentationTests.swift in Sources */ = {isa = PBXBuildFile; fileRef = 54332CED1B18635B00EEC229 /* OffTheShelf_View_PresentationTests.swift */; };
/* End PBXBuildFile section */

/* Begin PBXContainerItemProxy section */
		54332CE81B18635B00EEC229 /* PBXContainerItemProxy */ = {
			isa = PBXContainerItemProxy;
			containerPortal = 54332CCA1B18635B00EEC229 /* Project object */;
			proxyType = 1;
			remoteGlobalIDString = 54332CD11B18635B00EEC229;
			remoteInfo = "OffTheShelf View Presentation";
		};
/* End PBXContainerItemProxy section */

/* Begin PBXFileReference section */
		54332CD21B18635B00EEC229 /* OffTheShelf View Presentation.app */ = {isa = PBXFileReference; explicitFileType = wrapper.application; includeInIndex = 0; path = "OffTheShelf View Presentation.app"; sourceTree = BUILT_PRODUCTS_DIR; };
		54332CD61B18635B00EEC229 /* Info.plist */ = {isa = PBXFileReference; lastKnownFileType = text.plist.xml; path = Info.plist; sourceTree = "<group>"; };
		54332CD71B18635B00EEC229 /* AppDelegate.swift */ = {isa = PBXFileReference; lastKnownFileType = sourcecode.swift; path = AppDelegate.swift; sourceTree = "<group>"; };
		54332CD91B18635B00EEC229 /* ViewController.swift */ = {isa = PBXFileReference; lastKnownFileType = sourcecode.swift; path = ViewController.swift; sourceTree = "<group>"; };
		54332CDC1B18635B00EEC229 /* Base */ = {isa = PBXFileReference; lastKnownFileType = file.storyboard; name = Base; path = Base.lproj/Main.storyboard; sourceTree = "<group>"; };
		54332CDE1B18635B00EEC229 /* Images.xcassets */ = {isa = PBXFileReference; lastKnownFileType = folder.assetcatalog; path = Images.xcassets; sourceTree = "<group>"; };
		54332CE11B18635B00EEC229 /* Base */ = {isa = PBXFileReference; lastKnownFileType = file.xib; name = Base; path = Base.lproj/LaunchScreen.xib; sourceTree = "<group>"; };
		54332CE71B18635B00EEC229 /* OffTheShelf View PresentationTests.xctest */ = {isa = PBXFileReference; explicitFileType = wrapper.cfbundle; includeInIndex = 0; path = "OffTheShelf View PresentationTests.xctest"; sourceTree = BUILT_PRODUCTS_DIR; };
		54332CEC1B18635B00EEC229 /* Info.plist */ = {isa = PBXFileReference; lastKnownFileType = text.plist.xml; path = Info.plist; sourceTree = "<group>"; };
		54332CED1B18635B00EEC229 /* OffTheShelf_View_PresentationTests.swift */ = {isa = PBXFileReference; lastKnownFileType = sourcecode.swift; path = OffTheShelf_View_PresentationTests.swift; sourceTree = "<group>"; };
/* End PBXFileReference section */

/* Begin PBXFrameworksBuildPhase section */
		54332CCF1B18635B00EEC229 /* Frameworks */ = {
			isa = PBXFrameworksBuildPhase;
			buildActionMask = 2147483647;
			files = (
			);
			runOnlyForDeploymentPostprocessing = 0;
		};
		54332CE41B18635B00EEC229 /* Frameworks */ = {
			isa = PBXFrameworksBuildPhase;
			buildActionMask = 2147483647;
			files = (
			);
			runOnlyForDeploymentPostprocessing = 0;
		};
/* End PBXFrameworksBuildPhase section */

/* Begin PBXGroup section */
		54332CC91B18635B00EEC229 = {
			isa = PBXGroup;
			children = (
				54332CD41B18635B00EEC229 /* OffTheShelf View Presentation */,
				54332CEA1B18635B00EEC229 /* OffTheShelf View PresentationTests */,
				54332CD31B18635B00EEC229 /* Products */,
			);
			sourceTree = "<group>";
		};
		54332CD31B18635B00EEC229 /* Products */ = {
			isa = PBXGroup;
			children = (
				54332CD21B18635B00EEC229 /* OffTheShelf View Presentation.app */,
				54332CE71B18635B00EEC229 /* OffTheShelf View PresentationTests.xctest */,
			);
			name = Products;
			sourceTree = "<group>";
		};
		54332CD41B18635B00EEC229 /* OffTheShelf View Presentation */ = {
			isa = PBXGroup;
			children = (
				54332CD71B18635B00EEC229 /* AppDelegate.swift */,
				54332CD91B18635B00EEC229 /* ViewController.swift */,
				54332CDB1B18635B00EEC229 /* Main.storyboard */,
				54332CDE1B18635B00EEC229 /* Images.xcassets */,
				54332CE01B18635B00EEC229 /* LaunchScreen.xib */,
				54332CD51B18635B00EEC229 /* Supporting Files */,
			);
			path = "OffTheShelf View Presentation";
			sourceTree = "<group>";
		};
		54332CD51B18635B00EEC229 /* Supporting Files */ = {
			isa = PBXGroup;
			children = (
				54332CD61B18635B00EEC229 /* Info.plist */,
			);
			name = "Supporting Files";
			sourceTree = "<group>";
		};
		54332CEA1B18635B00EEC229 /* OffTheShelf View PresentationTests */ = {
			isa = PBXGroup;
			children = (
				54332CED1B18635B00EEC229 /* OffTheShelf_View_PresentationTests.swift */,
				54332CEB1B18635B00EEC229 /* Supporting Files */,
			);
			path = "OffTheShelf View PresentationTests";
			sourceTree = "<group>";
		};
		54332CEB1B18635B00EEC229 /* Supporting Files */ = {
			isa = PBXGroup;
			children = (
				54332CEC1B18635B00EEC229 /* Info.plist */,
			);
			name = "Supporting Files";
			sourceTree = "<group>";
		};
/* End PBXGroup section */

/* Begin PBXNativeTarget section */
		54332CD11B18635B00EEC229 /* OffTheShelf View Presentation */ = {
			isa = PBXNativeTarget;
			buildConfigurationList = 54332CF11B18635B00EEC229 /* Build configuration list for PBXNativeTarget "OffTheShelf View Presentation" */;
			buildPhases = (
				54332CCE1B18635B00EEC229 /* Sources */,
				54332CCF1B18635B00EEC229 /* Frameworks */,
				54332CD01B18635B00EEC229 /* Resources */,
			);
			buildRules = (
			);
			dependencies = (
			);
			name = "OffTheShelf View Presentation";
			productName = "OffTheShelf View Presentation";
			productReference = 54332CD21B18635B00EEC229 /* OffTheShelf View Presentation.app */;
			productType = "com.apple.product-type.application";
		};
		54332CE61B18635B00EEC229 /* OffTheShelf View PresentationTests */ = {
			isa = PBXNativeTarget;
			buildConfigurationList = 54332CF41B18635B00EEC229 /* Build configuration list for PBXNativeTarget "OffTheShelf View PresentationTests" */;
			buildPhases = (
				54332CE31B18635B00EEC229 /* Sources */,
				54332CE41B18635B00EEC229 /* Frameworks */,
				54332CE51B18635B00EEC229 /* Resources */,
			);
			buildRules = (
			);
			dependencies = (
				54332CE91B18635B00EEC229 /* PBXTargetDependency */,
			);
			name = "OffTheShelf View PresentationTests";
			productName = "OffTheShelf View PresentationTests";
			productReference = 54332CE71B18635B00EEC229 /* OffTheShelf View PresentationTests.xctest */;
			productType = "com.apple.product-type.bundle.unit-test";
		};
/* End PBXNativeTarget section */

/* Begin PBXProject section */
		54332CCA1B18635B00EEC229 /* Project object */ = {
			isa = PBXProject;
			attributes = {
				LastUpgradeCheck = 0630;
				ORGANIZATIONNAME = "David Lee";
				TargetAttributes = {
					54332CD11B18635B00EEC229 = {
						CreatedOnToolsVersion = 6.3.2;
					};
					54332CE61B18635B00EEC229 = {
						CreatedOnToolsVersion = 6.3.2;
						TestTargetID = 54332CD11B18635B00EEC229;
					};
				};
			};
			buildConfigurationList = 54332CCD1B18635B00EEC229 /* Build configuration list for PBXProject "OffTheShelf View Presentation" */;
			compatibilityVersion = "Xcode 3.2";
			developmentRegion = English;
			hasScannedForEncodings = 0;
			knownRegions = (
				en,
				Base,
			);
			mainGroup = 54332CC91B18635B00EEC229;
			productRefGroup = 54332CD31B18635B00EEC229 /* Products */;
			projectDirPath = "";
			projectRoot = "";
			targets = (
				54332CD11B18635B00EEC229 /* OffTheShelf View Presentation */,
				54332CE61B18635B00EEC229 /* OffTheShelf View PresentationTests */,
			);
		};
/* End PBXProject section */

/* Begin PBXResourcesBuildPhase section */
		54332CD01B18635B00EEC229 /* Resources */ = {
			isa = PBXResourcesBuildPhase;
			buildActionMask = 2147483647;
			files = (
				54332CDD1B18635B00EEC229 /* Main.storyboard in Resources */,
				54332CE21B18635B00EEC229 /* LaunchScreen.xib in Resources */,
				54332CDF1B18635B00EEC229 /* Images.xcassets in Resources */,
			);
			runOnlyForDeploymentPostprocessing = 0;
		};
		54332CE51B18635B00EEC229 /* Resources */ = {
			isa = PBXResourcesBuildPhase;
			buildActionMask = 2147483647;
			files = (
			);
			runOnlyForDeploymentPostprocessing = 0;
		};
/* End PBXResourcesBuildPhase section */

/* Begin PBXSourcesBuildPhase section */
		54332CCE1B18635B00EEC229 /* Sources */ = {
			isa = PBXSourcesBuildPhase;
			buildActionMask = 2147483647;
			files = (
				54332CDA1B18635B00EEC229 /* ViewController.swift in Sources */,
				54332CD81B18635B00EEC229 /* AppDelegate.swift in Sources */,
			);
			runOnlyForDeploymentPostprocessing = 0;
		};
		54332CE31B18635B00EEC229 /* Sources */ = {
			isa = PBXSourcesBuildPhase;
			buildActionMask = 2147483647;
			files = (
				54332CEE1B18635B00EEC229 /* OffTheShelf_View_PresentationTests.swift in Sources */,
			);
			runOnlyForDeploymentPostprocessing = 0;
		};
/* End PBXSourcesBuildPhase section */

/* Begin PBXTargetDependency section */
		54332CE91B18635B00EEC229 /* PBXTargetDependency */ = {
			isa = PBXTargetDependency;
			target = 54332CD11B18635B00EEC229 /* OffTheShelf View Presentation */;
			targetProxy = 54332CE81B18635B00EEC229 /* PBXContainerItemProxy */;
		};
/* End PBXTargetDependency section */

/* Begin PBXVariantGroup section */
		54332CDB1B18635B00EEC229 /* Main.storyboard */ = {
			isa = PBXVariantGroup;
			children = (
				54332CDC1B18635B00EEC229 /* Base */,
			);
			name = Main.storyboard;
			sourceTree = "<group>";
		};
		54332CE01B18635B00EEC229 /* LaunchScreen.xib */ = {
			isa = PBXVariantGroup;
			children = (
				54332CE11B18635B00EEC229 /* Base */,
			);
			name = LaunchScreen.xib;
			sourceTree = "<group>";
		};
/* End PBXVariantGroup section */

/* Begin XCBuildConfiguration section */
		54332CEF1B18635B00EEC229 /* Debug */ = {
			isa = XCBuildConfiguration;
			buildSettings = {
				ALWAYS_SEARCH_USER_PATHS = NO;
				CLANG_CXX_LANGUAGE_STANDARD = "gnu++0x";
				CLANG_CXX_LIBRARY = "libc++";
				CLANG_ENABLE_MODULES = YES;
				CLANG_ENABLE_OBJC_ARC = YES;
				CLANG_WARN_BOOL_CONVERSION = YES;
				CLANG_WARN_CONSTANT_CONVERSION = YES;
				CLANG_WARN_DIRECT_OBJC_ISA_USAGE = YES_ERROR;
				CLANG_WARN_EMPTY_BODY = YES;
				CLANG_WARN_ENUM_CONVERSION = YES;
				CLANG_WARN_INT_CONVERSION = YES;
				CLANG_WARN_OBJC_ROOT_CLASS = YES_ERROR;
				CLANG_WARN_UNREACHABLE_CODE = YES;
				CLANG_WARN__DUPLICATE_METHOD_MATCH = YES;
				"CODE_SIGN_IDENTITY[sdk=iphoneos*]" = "iPhone Developer";
				COPY_PHASE_STRIP = NO;
				DEBUG_INFORMATION_FORMAT = "dwarf-with-dsym";
				ENABLE_STRICT_OBJC_MSGSEND = YES;
				GCC_C_LANGUAGE_STANDARD = gnu99;
				GCC_DYNAMIC_NO_PIC = NO;
				GCC_NO_COMMON_BLOCKS = YES;
				GCC_OPTIMIZATION_LEVEL = 0;
				GCC_PREPROCESSOR_DEFINITIONS = (
					"DEBUG=1",
					"$(inherited)",
				);
				GCC_SYMBOLS_PRIVATE_EXTERN = NO;
				GCC_WARN_64_TO_32_BIT_CONVERSION = YES;
				GCC_WARN_ABOUT_RETURN_TYPE = YES_ERROR;
				GCC_WARN_UNDECLARED_SELECTOR = YES;
				GCC_WARN_UNINITIALIZED_AUTOS = YES_AGGRESSIVE;
				GCC_WARN_UNUSED_FUNCTION = YES;
				GCC_WARN_UNUSED_VARIABLE = YES;
				IPHONEOS_DEPLOYMENT_TARGET = 8.3;
				MTL_ENABLE_DEBUG_INFO = YES;
				ONLY_ACTIVE_ARCH = YES;
				SDKROOT = iphoneos;
				SWIFT_OPTIMIZATION_LEVEL = "-Onone";
				TARGETED_DEVICE_FAMILY = "1,2";
			};
			name = Debug;
		};
		54332CF01B18635B00EEC229 /* Release */ = {
			isa = XCBuildConfiguration;
			buildSettings = {
				ALWAYS_SEARCH_USER_PATHS = NO;
				CLANG_CXX_LANGUAGE_STANDARD = "gnu++0x";
				CLANG_CXX_LIBRARY = "libc++";
				CLANG_ENABLE_MODULES = YES;
				CLANG_ENABLE_OBJC_ARC = YES;
				CLANG_WARN_BOOL_CONVERSION = YES;
				CLANG_WARN_CONSTANT_CONVERSION = YES;
				CLANG_WARN_DIRECT_OBJC_ISA_USAGE = YES_ERROR;
				CLANG_WARN_EMPTY_BODY = YES;
				CLANG_WARN_ENUM_CONVERSION = YES;
				CLANG_WARN_INT_CONVERSION = YES;
				CLANG_WARN_OBJC_ROOT_CLASS = YES_ERROR;
				CLANG_WARN_UNREACHABLE_CODE = YES;
				CLANG_WARN__DUPLICATE_METHOD_MATCH = YES;
				"CODE_SIGN_IDENTITY[sdk=iphoneos*]" = "iPhone Developer";
				COPY_PHASE_STRIP = NO;
				DEBUG_INFORMATION_FORMAT = "dwarf-with-dsym";
				ENABLE_NS_ASSERTIONS = NO;
				ENABLE_STRICT_OBJC_MSGSEND = YES;
				GCC_C_LANGUAGE_STANDARD = gnu99;
				GCC_NO_COMMON_BLOCKS = YES;
				GCC_WARN_64_TO_32_BIT_CONVERSION = YES;
				GCC_WARN_ABOUT_RETURN_TYPE = YES_ERROR;
				GCC_WARN_UNDECLARED_SELECTOR = YES;
				GCC_WARN_UNINITIALIZED_AUTOS = YES_AGGRESSIVE;
				GCC_WARN_UNUSED_FUNCTION = YES;
				GCC_WARN_UNUSED_VARIABLE = YES;
				IPHONEOS_DEPLOYMENT_TARGET = 8.3;
				MTL_ENABLE_DEBUG_INFO = NO;
				SDKROOT = iphoneos;
				TARGETED_DEVICE_FAMILY = "1,2";
				VALIDATE_PRODUCT = YES;
			};
			name = Release;
		};
		54332CF21B18635B00EEC229 /* Debug */ = {
			isa = XCBuildConfiguration;
			buildSettings = {
				ASSETCATALOG_COMPILER_APPICON_NAME = AppIcon;
				INFOPLIST_FILE = "OffTheShelf View Presentation/Info.plist";
				LD_RUNPATH_SEARCH_PATHS = "$(inherited) @executable_path/Frameworks";
				PRODUCT_NAME = "$(TARGET_NAME)";
			};
			name = Debug;
		};
		54332CF31B18635B00EEC229 /* Release */ = {
			isa = XCBuildConfiguration;
			buildSettings = {
				ASSETCATALOG_COMPILER_APPICON_NAME = AppIcon;
				INFOPLIST_FILE = "OffTheShelf View Presentation/Info.plist";
				LD_RUNPATH_SEARCH_PATHS = "$(inherited) @executable_path/Frameworks";
				PRODUCT_NAME = "$(TARGET_NAME)";
			};
			name = Release;
		};
		54332CF51B18635B00EEC229 /* Debug */ = {
			isa = XCBuildConfiguration;
			buildSettings = {
				BUNDLE_LOADER = "$(TEST_HOST)";
				FRAMEWORK_SEARCH_PATHS = (
					"$(SDKROOT)/Developer/Library/Frameworks",
					"$(inherited)",
				);
				GCC_PREPROCESSOR_DEFINITIONS = (
					"DEBUG=1",
					"$(inherited)",
				);
				INFOPLIST_FILE = "OffTheShelf View PresentationTests/Info.plist";
				LD_RUNPATH_SEARCH_PATHS = "$(inherited) @executable_path/Frameworks @loader_path/Frameworks";
				PRODUCT_NAME = "$(TARGET_NAME)";
				TEST_HOST = "$(BUILT_PRODUCTS_DIR)/OffTheShelf View Presentation.app/OffTheShelf View Presentation";
			};
			name = Debug;
		};
		54332CF61B18635B00EEC229 /* Release */ = {
			isa = XCBuildConfiguration;
			buildSettings = {
				BUNDLE_LOADER = "$(TEST_HOST)";
				FRAMEWORK_SEARCH_PATHS = (
					"$(SDKROOT)/Developer/Library/Frameworks",
					"$(inherited)",
				);
				INFOPLIST_FILE = "OffTheShelf View PresentationTests/Info.plist";
				LD_RUNPATH_SEARCH_PATHS = "$(inherited) @executable_path/Frameworks @loader_path/Frameworks";
				PRODUCT_NAME = "$(TARGET_NAME)";
				TEST_HOST = "$(BUILT_PRODUCTS_DIR)/OffTheShelf View Presentation.app/OffTheShelf View Presentation";
			};
			name = Release;
		};
/* End XCBuildConfiguration section */

/* Begin XCConfigurationList section */
		54332CCD1B18635B00EEC229 /* Build configuration list for PBXProject "OffTheShelf View Presentation" */ = {
			isa = XCConfigurationList;
			buildConfigurations = (
				54332CEF1B18635B00EEC229 /* Debug */,
				54332CF01B18635B00EEC229 /* Release */,
			);
			defaultConfigurationIsVisible = 0;
			defaultConfigurationName = Release;
		};
		54332CF11B18635B00EEC229 /* Build configuration list for PBXNativeTarget "OffTheShelf View Presentation" */ = {
			isa = XCConfigurationList;
			buildConfigurations = (
				54332CF21B18635B00EEC229 /* Debug */,
				54332CF31B18635B00EEC229 /* Release */,
			);
			defaultConfigurationIsVisible = 0;
		};
		54332CF41B18635B00EEC229 /* Build configuration list for PBXNativeTarget "OffTheShelf View PresentationTests" */ = {
			isa = XCConfigurationList;
			buildConfigurations = (
				54332CF51B18635B00EEC229 /* Debug */,
				54332CF61B18635B00EEC229 /* Release */,
			);
			defaultConfigurationIsVisible = 0;
		};
/* End XCConfigurationList section */
	};
	rootObject = 54332CCA1B18635B00EEC229 /* Project object */;
}
